
Microsoft Visual Studio Solution File, Format Version 12.00
# Visual Studio Version 17
VisualStudioVersion = 17.4.33205.214
MinimumVisualStudioVersion = 10.0.40219.1
Project("{FAE04EC0-301F-11D3-BF4B-00C04F79EFBC}") = "FSComm", "FSComm\FSComm.csproj", "{FBC84FCC-050F-4DE6-B32D-185AF5750F1A}"
EndProject
Global
	GlobalSection(SolutionConfigurationPlatforms) = preSolution
		Debug|Any CPU = Debug|Any CPU
		Debug|x86 = Debug|x86
		Release|Any CPU = Release|Any CPU
		Release|x86 = Release|x86
	EndGlobalSection
	GlobalSection(ProjectConfigurationPlatforms) = postSolution
		{FBC84FCC-050F-4DE6-B32D-185AF5750F1A}.Debug|Any CPU.ActiveCfg = Debug|Any CPU
		{FBC84FCC-050F-4DE6-B32D-185AF5750F1A}.Debug|Any CPU.Build.0 = Debug|Any CPU
		{FBC84FCC-050F-4DE6-B32D-185AF5750F1A}.Debug|x86.ActiveCfg = Debug|Win32
		{FBC84FCC-050F-4DE6-B32D-185AF5750F1A}.Debug|x86.Build.0 = Debug|Win32
		{FBC84FCC-050F-4DE6-B32D-185AF5750F1A}.Release|Any CPU.ActiveCfg = Release|Any CPU
		{FBC84FCC-050F-4DE6-B32D-185AF5750F1A}.Release|Any CPU.Build.0 = Release|Any CPU
		{FBC84FCC-050F-4DE6-B32D-185AF5750F1A}.Release|x86.ActiveCfg = Release|Win32
		{FBC84FCC-050F-4DE6-B32D-185AF5750F1A}.Release|x86.Build.0 = Release|Win32
	EndGlobalSection
	GlobalSection(SolutionProperties) = preSolution
		HideSolutionNode = FALSE
	EndGlobalSection
	GlobalSection(ExtensibilityGlobals) = postSolution
		SolutionGuid = {1DFF88E9-9776-49B1-8618-4F9971437BAC}
	EndGlobalSection
EndGlobal
